
Microsoft Visual Studio Solution File, Format Version 12.00
# Visual Studio 14
VisualStudioVersion = 14.0.24720.0
MinimumVisualStudioVersion = 10.0.40219.1
Project("{FAE04EC0-301F-11D3-BF4B-00C04F79EFBC}") = "Nalarium", "Nalarium\Nalarium.csproj", "{CECBDBAF-879E-4432-9F8D-969E0E69545B}"
EndProject
Project("{FAE04EC0-301F-11D3-BF4B-00C04F79EFBC}") = "Nalarium.Test", "Nalarium.Test\Nalarium.Test.csproj", "{CF0E9596-69BE-4FF3-AFDE-FDC77A15D1EB}"
EndProject
Global
	GlobalSection(SolutionConfigurationPlatforms) = preSolution
		Debug|Any CPU = Debug|Any CPU
		Release|Any CPU = Release|Any CPU
	EndGlobalSection
	GlobalSection(ProjectConfigurationPlatforms) = postSolution
		{CECBDBAF-879E-4432-9F8D-969E0E69545B}.Debug|Any CPU.ActiveCfg = Debug|Any CPU
		{CECBDBAF-879E-4432-9F8D-969E0E69545B}.Debug|Any CPU.Build.0 = Debug|Any CPU
		{CECBDBAF-879E-4432-9F8D-969E0E69545B}.Release|Any CPU.ActiveCfg = Release|Any CPU
		{CECBDBAF-879E-4432-9F8D-969E0E69545B}.Release|Any CPU.Build.0 = Release|Any CPU
		{CF0E9596-69BE-4FF3-AFDE-FDC77A15D1EB}.Debug|Any CPU.ActiveCfg = Debug|Any CPU
		{CF0E9596-69BE-4FF3-AFDE-FDC77A15D1EB}.Debug|Any CPU.Build.0 = Debug|Any CPU
		{CF0E9596-69BE-4FF3-AFDE-FDC77A15D1EB}.Release|Any CPU.ActiveCfg = Release|Any CPU
		{CF0E9596-69BE-4FF3-AFDE-FDC77A15D1EB}.Release|Any CPU.Build.0 = Release|Any CPU
	EndGlobalSection
	GlobalSection(SolutionProperties) = preSolution
		HideSolutionNode = FALSE
	EndGlobalSection
	GlobalSection(VaultVsipSolution-v2) = preSolution
		VaultHost = http://www.jampadtechnology.com:8192/VaultService
		VaultRepositoryID = 3
		VaultRepositoryGUID = adee010a-65f3-4c72-b153-b7bb0e3ae789
		ProjectCount = 2
		ProjectRelativeDiskPath1 = Nalarium.ServiceModel\Dalarium.ServiceModel.csproj
		ProjectRelativeDiskPath2 = Nalarium\Dalarium.csproj
	EndGlobalSection
EndGlobal
